// !$*UTF8*$!
{
	archiveVersion = 1;
	classes = {
	};
	objectVersion = 77;
	objects = {

/* Begin PBXContainerItemProxy section */
		D091D4B22E630B5B006B43B0 /* PBXContainerItemProxy */ = {
			isa = PBXContainerItemProxy;
			containerPortal = D091D4932E630B5A006B43B0 /* Project object */;
			proxyType = 1;
			remoteGlobalIDString = D091D49A2E630B5A006B43B0;
			remoteInfo = Girarm;
		};
		D091D4BC2E630B5B006B43B0 /* PBXContainerItemProxy */ = {
			isa = PBXContainerItemProxy;
			containerPortal = D091D4932E630B5A006B43B0 /* Project object */;
			proxyType = 1;
			remoteGlobalIDString = D091D49A2E630B5A006B43B0;
			remoteInfo = Girarm;
		};
/* End PBXContainerItemProxy section */

/* Begin PBXFileReference section */
		D091D49B2E630B5A006B43B0 /* Girarm.app */ = {isa = PBXFileReference; explicitFileType = wrapper.application; includeInIndex = 0; path = Girarm.app; sourceTree = BUILT_PRODUCTS_DIR; };
		D091D4B12E630B5B006B43B0 /* GirarmTests.xctest */ = {isa = PBXFileReference; explicitFileType = wrapper.cfbundle; includeInIndex = 0; path = GirarmTests.xctest; sourceTree = BUILT_PRODUCTS_DIR; };
		D091D4BB2E630B5B006B43B0 /* GirarmUITests.xctest */ = {isa = PBXFileReference; explicitFileType = wrapper.cfbundle; includeInIndex = 0; path = GirarmUITests.xctest; sourceTree = BUILT_PRODUCTS_DIR; };
/* End PBXFileReference section */

/* Begin PBXFileSystemSynchronizedBuildFileExceptionSet section */
		D091D4E72E630D0A006B43B0 /* Exceptions for "Girarm" folder in "Girarm" target */ = {
			isa = PBXFileSystemSynchronizedBuildFileExceptionSet;
			membershipExceptions = (
				Assets.xcassets,
				Info.plist,
			);
			target = D091D49A2E630B5A006B43B0 /* Girarm */;
		};
/* End PBXFileSystemSynchronizedBuildFileExceptionSet section */

/* Begin PBXFileSystemSynchronizedRootGroup section */
		D091D49D2E630B5A006B43B0 /* Girarm */ = {
			isa = PBXFileSystemSynchronizedRootGroup;
			exceptions = (
				D091D4E72E630D0A006B43B0 /* Exceptions for "Girarm" folder in "Girarm" target */,
			);
			path = Girarm;
			sourceTree = "<group>";
		};
		D091D4B42E630B5B006B43B0 /* GirarmTests */ = {
			isa = PBXFileSystemSynchronizedRootGroup;
			path = GirarmTests;
			sourceTree = "<group>";
		};
		D091D4BE2E630B5B006B43B0 /* GirarmUITests */ = {
			isa = PBXFileSystemSynchronizedRootGroup;
			path = GirarmUITests;
			sourceTree = "<group>";
		};
/* End PBXFileSystemSynchronizedRootGroup section */

/* Begin PBXFrameworksBuildPhase section */
		D091D4982E630B5A006B43B0 /* Frameworks */ = {
			isa = PBXFrameworksBuildPhase;
			buildActionMask = 2147483647;
			files = (
			);
			runOnlyForDeploymentPostprocessing = 0;
		};
		D091D4AE2E630B5B006B43B0 /* Frameworks */ = {
			isa = PBXFrameworksBuildPhase;
			buildActionMask = 2147483647;
			files = (
			);
			runOnlyForDeploymentPostprocessing = 0;
		};
		D091D4B82E630B5B006B43B0 /* Frameworks */ = {
			isa = PBXFrameworksBuildPhase;
			buildActionMask = 2147483647;
			files = (
			);
			runOnlyForDeploymentPostprocessing = 0;
		};
/* End PBXFrameworksBuildPhase section */

/* Begin PBXGroup section */
		D091D4922E630B5A006B43B0 = {
			isa = PBXGroup;
			children = (
				D091D49D2E630B5A006B43B0 /* Girarm */,
				D091D4B42E630B5B006B43B0 /* GirarmTests */,
				D091D4BE2E630B5B006B43B0 /* GirarmUITests */,
				D091D49C2E630B5A006B43B0 /* Products */,
			);
			sourceTree = "<group>";
		};
		D091D49C2E630B5A006B43B0 /* Products */ = {
			isa = PBXGroup;
			children = (
				D091D49B2E630B5A006B43B0 /* Girarm.app */,
				D091D4B12E630B5B006B43B0 /* GirarmTests.xctest */,
				D091D4BB2E630B5B006B43B0 /* GirarmUITests.xctest */,
			);
			name = Products;
			sourceTree = "<group>";
		};
/* End PBXGroup section */

/* Begin PBXNativeTarget section */
		D091D49A2E630B5A006B43B0 /* Girarm */ = {
			isa = PBXNativeTarget;
			buildConfigurationList = D091D4C42E630B5B006B43B0 /* Build configuration list for PBXNativeTarget "Girarm" */;
			buildPhases = (
				D091D4972E630B5A006B43B0 /* Sources */,
				D091D4982E630B5A006B43B0 /* Frameworks */,
				D091D4992E630B5A006B43B0 /* Resources */,
			);
			buildRules = (
			);
			dependencies = (
			);
			fileSystemSynchronizedGroups = (
				D091D49D2E630B5A006B43B0 /* Girarm */,
			);
			name = Girarm;
			packageProductDependencies = (
			);
			productName = Girarm;
			productReference = D091D49B2E630B5A006B43B0 /* Girarm.app */;
			productType = "com.apple.product-type.application";
		};
		D091D4B02E630B5B006B43B0 /* GirarmTests */ = {
			isa = PBXNativeTarget;
			buildConfigurationList = D091D4C92E630B5B006B43B0 /* Build configuration list for PBXNativeTarget "GirarmTests" */;
			buildPhases = (
				D091D4AD2E630B5B006B43B0 /* Sources */,
				D091D4AE2E630B5B006B43B0 /* Frameworks */,
				D091D4AF2E630B5B006B43B0 /* Resources */,
			);
			buildRules = (
			);
			dependencies = (
				D091D4B32E630B5B006B43B0 /* PBXTargetDependency */,
			);
			fileSystemSynchronizedGroups = (
				D091D4B42E630B5B006B43B0 /* GirarmTests */,
			);
			name = GirarmTests;
			packageProductDependencies = (
			);
			productName = GirarmTests;
			productReference = D091D4B12E630B5B006B43B0 /* GirarmTests.xctest */;
			productType = "com.apple.product-type.bundle.unit-test";
		};
		D091D4BA2E630B5B006B43B0 /* GirarmUITests */ = {
			isa = PBXNativeTarget;
			buildConfigurationList = D091D4CC2E630B5B006B43B0 /* Build configuration list for PBXNativeTarget "GirarmUITests" */;
			buildPhases = (
				D091D4B72E630B5B006B43B0 /* Sources */,
				D091D4B82E630B5B006B43B0 /* Frameworks */,
				D091D4B92E630B5B006B43B0 /* Resources */,
			);
			buildRules = (
			);
			dependencies = (
				D091D4BD2E630B5B006B43B0 /* PBXTargetDependency */,
			);
			fileSystemSynchronizedGroups = (
				D091D4BE2E630B5B006B43B0 /* GirarmUITests */,
			);
			name = GirarmUITests;
			packageProductDependencies = (
			);
			productName = GirarmUITests;
			productReference = D091D4BB2E630B5B006B43B0 /* GirarmUITests.xctest */;
			productType = "com.apple.product-type.bundle.ui-testing";
		};
/* End PBXNativeTarget section */

/* Begin PBXProject section */
		D091D4932E630B5A006B43B0 /* Project object */ = {
			isa = PBXProject;
			attributes = {
				BuildIndependentTargetsInParallel = 1;
				LastSwiftUpdateCheck = 1640;
				LastUpgradeCheck = 1640;
				TargetAttributes = {
					D091D49A2E630B5A006B43B0 = {
						CreatedOnToolsVersion = 16.4;
					};
					D091D4B02E630B5B006B43B0 = {
						CreatedOnToolsVersion = 16.4;
						TestTargetID = D091D49A2E630B5A006B43B0;
					};
					D091D4BA2E630B5B006B43B0 = {
						CreatedOnToolsVersion = 16.4;
						TestTargetID = D091D49A2E630B5A006B43B0;
					};
				};
			};
			buildConfigurationList = D091D4962E630B5A006B43B0 /* Build configuration list for PBXProject "Girarm" */;
			developmentRegion = en;
			hasScannedForEncodings = 0;
			knownRegions = (
				en,
				Base,
			);
			mainGroup = D091D4922E630B5A006B43B0;
			minimizedProjectReferenceProxies = 1;
			preferredProjectObjectVersion = 77;
			productRefGroup = D091D49C2E630B5A006B43B0 /* Products */;
			projectDirPath = "";
			projectRoot = "";
			targets = (
				D091D49A2E630B5A006B43B0 /* Girarm */,
				D091D4B02E630B5B006B43B0 /* GirarmTests */,
				D091D4BA2E630B5B006B43B0 /* GirarmUITests */,
			);
		};
/* End PBXProject section */

/* Begin PBXResourcesBuildPhase section */
		D091D4992E630B5A006B43B0 /* Resources */ = {
			isa = PBXResourcesBuildPhase;
			buildActionMask = 2147483647;
			files = (
			);
			runOnlyForDeploymentPostprocessing = 0;
		};
		D091D4AF2E630B5B006B43B0 /* Resources */ = {
			isa = PBXResourcesBuildPhase;
			buildActionMask = 2147483647;
			files = (
			);
			runOnlyForDeploymentPostprocessing = 0;
		};
		D091D4B92E630B5B006B43B0 /* Resources */ = {
			isa = PBXResourcesBuildPhase;
			buildActionMask = 2147483647;
			files = (
			);
			runOnlyForDeploymentPostprocessing = 0;
		};
/* End PBXResourcesBuildPhase section */

/* Begin PBXSourcesBuildPhase section */
		D091D4972E630B5A006B43B0 /* Sources */ = {
			isa = PBXSourcesBuildPhase;
			buildActionMask = 2147483647;
			files = (
			);
			runOnlyForDeploymentPostprocessing = 0;
		};
		D091D4AD2E630B5B006B43B0 /* Sources */ = {
			isa = PBXSourcesBuildPhase;
			buildActionMask = 2147483647;
			files = (
			);
			runOnlyForDeploymentPostprocessing = 0;
		};
		D091D4B72E630B5B006B43B0 /* Sources */ = {
			isa = PBXSourcesBuildPhase;
			buildActionMask = 2147483647;
			files = (
			);
			runOnlyForDeploymentPostprocessing = 0;
		};
/* End PBXSourcesBuildPhase section */

/* Begin PBXTargetDependency section */
		D091D4B32E630B5B006B43B0 /* PBXTargetDependency */ = {
			isa = PBXTargetDependency;
			target = D091D49A2E630B5A006B43B0 /* Girarm */;
			targetProxy = D091D4B22E630B5B006B43B0 /* PBXContainerItemProxy */;
		};
		D091D4BD2E630B5B006B43B0 /* PBXTargetDependency */ = {
			isa = PBXTargetDependency;
			target = D091D49A2E630B5A006B43B0 /* Girarm */;
			targetProxy = D091D4BC2E630B5B006B43B0 /* PBXContainerItemProxy */;
		};
/* End PBXTargetDependency section */

/* Begin XCBuildConfiguration section */
		D091D4C52E630B5B006B43B0 /* Debug */ = {
			isa = XCBuildConfiguration;
			buildSettings = {
				ASSETCATALOG_COMPILER_APPICON_NAME = AppIcon;
				ASSETCATALOG_COMPILER_GLOBAL_ACCENT_COLOR_NAME = AccentColor;
				CODE_SIGN_STYLE = Automatic;
				CURRENT_PROJECT_VERSION = 1;
				GENERATE_INFOPLIST_FILE = NO;
				INFOPLIST_FILE = Girarm/Info.plist;
				INFOPLIST_KEY_UIApplicationSupportsIndirectInputEvents = YES;
				INFOPLIST_KEY_UILaunchStoryboardName = LaunchScreen;
				INFOPLIST_KEY_UIMainStoryboardFile = Main;
				INFOPLIST_KEY_UISupportedInterfaceOrientations_iPad = "UIInterfaceOrientationPortrait UIInterfaceOrientationPortraitUpsideDown UIInterfaceOrientationLandscapeLeft UIInterfaceOrientationLandscapeRight";
				INFOPLIST_KEY_UISupportedInterfaceOrientations_iPhone = "UIInterfaceOrientationPortrait UIInterfaceOrientationLandscapeLeft UIInterfaceOrientationLandscapeRight";
				LD_RUNPATH_SEARCH_PATHS = (
					"$(inherited)",
					"@executable_path/Frameworks",
				);
				MARKETING_VERSION = 1.0;
				PRODUCT_BUNDLE_IDENTIFIER = com.honda.Girarm;
				PRODUCT_NAME = "$(TARGET_NAME)";
				SWIFT_EMIT_LOC_STRINGS = YES;
				SWIFT_VERSION = 5.0;
				TARGETED_DEVICE_FAMILY = "1,2";
			};
			name = Debug;
		};
		D091D4C62E630B5B006B43B0 /* Release */ = {
			isa = XCBuildConfiguration;
			buildSettings = {
				ASSETCATALOG_COMPILER_APPICON_NAME = AppIcon;
				ASSETCATALOG_COMPILER_GLOBAL_ACCENT_COLOR_NAME = AccentColor;
				CODE_SIGN_STYLE = Automatic;
				CURRENT_PROJECT_VERSION = 1;
				GENERATE_INFOPLIST_FILE = NO;
				INFOPLIST_FILE = Girarm/Info.plist;
				INFOPLIST_KEY_UIApplicationSupportsIndirectInputEvents = YES;
				INFOPLIST_KEY_UILaunchStoryboardName = LaunchScreen;
				INFOPLIST_KEY_UIMainStoryboardFile = Main;
				INFOPLIST_KEY_UISupportedInterfaceOrientations_iPad = "UIInterfaceOrientationPortrait UIInterfaceOrientationPortraitUpsideDown UIInterfaceOrientationLandscapeLeft UIInterfaceOrientationLandscapeRight";
				INFOPLIST_KEY_UISupportedInterfaceOrientations_iPhone = "UIInterfaceOrientationPortrait UIInterfaceOrientationLandscapeLeft UIInterfaceOrientationLandscapeRight";
				LD_RUNPATH_SEARCH_PATHS = (
					"$(inherited)",
					"@executable_path/Frameworks",
				);
				MARKETING_VERSION = 1.0;
				PRODUCT_BUNDLE_IDENTIFIER = com.honda.Girarm;
				PRODUCT_NAME = "$(TARGET_NAME)";
				SWIFT_EMIT_LOC_STRINGS = YES;
				SWIFT_VERSION = 5.0;
				TARGETED_DEVICE_FAMILY = "1,2";
			};
			name = Release;
		};
		D091D4C72E630B5B006B43B0 /* Debug */ = {
			isa = XCBuildConfiguration;
			buildSettings = {
				ALWAYS_SEARCH_USER_PATHS = NO;
				ASSETCATALOG_COMPILER_GENERATE_SWIFT_ASSET_SYMBOL_EXTENSIONS = YES;
				CLANG_ANALYZER_NONNULL = YES;
				CLANG_ANALYZER_NUMBER_OBJECT_CONVERSION = YES_AGGRESSIVE;
				CLANG_CXX_LANGUAGE_STANDARD = "gnu++20";
				CLANG_ENABLE_MODULES = YES;
				CLANG_ENABLE_OBJC_ARC = YES;
				CLANG_ENABLE_OBJC_WEAK = YES;
				CLANG_WARN_BLOCK_CAPTURE_AUTORELEASING = YES;
				CLANG_WARN_BOOL_CONVERSION = YES;
				CLANG_WARN_COMMA = YES;
				CLANG_WARN_CONSTANT_CONVERSION = YES;
				CLANG_WARN_DEPRECATED_OBJC_IMPLEMENTATIONS = YES;
				CLANG_WARN_DIRECT_OBJC_ISA_USAGE = YES_ERROR;
				CLANG_WARN_DOCUMENTATION_COMMENTS = YES;
				CLANG_WARN_EMPTY_BODY = YES;
				CLANG_WARN_ENUM_CONVERSION = YES;
				CLANG_WARN_INFINITE_RECURSION = YES;
				CLANG_WARN_INT_CONVERSION = YES;
				CLANG_WARN_NON_LITERAL_NULL_CONVERSION = YES;
				CLANG_WARN_OBJC_IMPLICIT_RETAIN_SELF = YES;
				CLANG_WARN_OBJC_LITERAL_CONVERSION = YES;
				CLANG_WARN_OBJC_ROOT_CLASS = YES_ERROR;
				CLANG_WARN_QUOTED_INCLUDE_IN_FRAMEWORK_HEADER = YES;
				CLANG_WARN_RANGE_LOOP_ANALYSIS = YES;
				CLANG_WARN_STRICT_PROTOTYPES = YES;
				CLANG_WARN_SUSPICIOUS_MOVE = YES;
				CLANG_WARN_UNGUARDED_AVAILABILITY = YES_AGGRESSIVE;
				CLANG_WARN_UNREACHABLE_CODE = YES;
				CLANG_WARN__DUPLICATE_METHOD_MATCH = YES;
				COPY_PHASE_STRIP = NO;
				DEBUG_INFORMATION_FORMAT = dwarf;
				ENABLE_STRICT_OBJC_MSGSEND = YES;
				ENABLE_TESTABILITY = YES;
				ENABLE_USER_SCRIPT_SANDBOXING = YES;
				GCC_C_LANGUAGE_STANDARD = gnu17;
				GCC_DYNAMIC_NO_PIC = NO;
				GCC_NO_COMMON_BLOCKS = YES;
				GCC_OPTIMIZATION_LEVEL = 0;
				GCC_PREPROCESSOR_DEFINITIONS = (
					"DEBUG=1",
					"$(inherited)",
				);
				GCC_WARN_64_TO_32_BIT_CONVERSION = YES;
				GCC_WARN_ABOUT_RETURN_TYPE = YES_ERROR;
				GCC_WARN_UNDECLARED_SELECTOR = YES;
				GCC_WARN_UNINITIALIZED_AUTOS = YES_AGGRESSIVE;
				GCC_WARN_UNUSED_FUNCTION = YES;
				GCC_WARN_UNUSED_VARIABLE = YES;
				IPHONEOS_DEPLOYMENT_TARGET = 18.5;
				LOCALIZATION_PREFERS_STRING_CATALOGS = YES;
				MTL_ENABLE_DEBUG_INFO = INCLUDE_SOURCE;
				MTL_FAST_MATH = YES;
				ONLY_ACTIVE_ARCH = YES;
				SDKROOT = iphoneos;
				SWIFT_ACTIVE_COMPILATION_CONDITIONS = "DEBUG $(inherited)";
				SWIFT_OPTIMIZATION_LEVEL = "-Onone";
			};
			name = Debug;
		};
		D091D4C82E630B5B006B43B0 /* Release */ = {
			isa = XCBuildConfiguration;
			buildSettings = {
				ALWAYS_SEARCH_USER_PATHS = NO;
				ASSETCATALOG_COMPILER_GENERATE_SWIFT_ASSET_SYMBOL_EXTENSIONS = YES;
				CLANG_ANALYZER_NONNULL = YES;
				CLANG_ANALYZER_NUMBER_OBJECT_CONVERSION = YES_AGGRESSIVE;
				CLANG_CXX_LANGUAGE_STANDARD = "gnu++20";
				CLANG_ENABLE_MODULES = YES;
				CLANG_ENABLE_OBJC_ARC = YES;
				CLANG_ENABLE_OBJC_WEAK = YES;
				CLANG_WARN_BLOCK_CAPTURE_AUTORELEASING = YES;
				CLANG_WARN_BOOL_CONVERSION = YES;
				CLANG_WARN_COMMA = YES;
				CLANG_WARN_CONSTANT_CONVERSION = YES;
				CLANG_WARN_DEPRECATED_OBJC_IMPLEMENTATIONS = YES;
				CLANG_WARN_DIRECT_OBJC_ISA_USAGE = YES_ERROR;
				CLANG_WARN_DOCUMENTATION_COMMENTS = YES;
				CLANG_WARN_EMPTY_BODY = YES;
				CLANG_WARN_ENUM_CONVERSION = YES;
				CLANG_WARN_INFINITE_RECURSION = YES;
				CLANG_WARN_INT_CONVERSION = YES;
				CLANG_WARN_NON_LITERAL_NULL_CONVERSION = YES;
				CLANG_WARN_OBJC_IMPLICIT_RETAIN_SELF = YES;
				CLANG_WARN_OBJC_LITERAL_CONVERSION = YES;
				CLANG_WARN_OBJC_ROOT_CLASS = YES_ERROR;
				CLANG_WARN_QUOTED_INCLUDE_IN_FRAMEWORK_HEADER = YES;
				CLANG_WARN_RANGE_LOOP_ANALYSIS = YES;
				CLANG_WARN_STRICT_PROTOTYPES = YES;
				CLANG_WARN_SUSPICIOUS_MOVE = YES;
				CLANG_WARN_UNGUARDED_AVAILABILITY = YES_AGGRESSIVE;
				CLANG_WARN_UNREACHABLE_CODE = YES;
				CLANG_WARN__DUPLICATE_METHOD_MATCH = YES;
				COPY_PHASE_STRIP = NO;
				DEBUG_INFORMATION_FORMAT = "dwarf-with-dsym";
				ENABLE_NS_ASSERTIONS = NO;
				ENABLE_STRICT_OBJC_MSGSEND = YES;
				ENABLE_USER_SCRIPT_SANDBOXING = YES;
				GCC_C_LANGUAGE_STANDARD = gnu17;
				GCC_NO_COMMON_BLOCKS = YES;
				GCC_WARN_64_TO_32_BIT_CONVERSION = YES;
				GCC_WARN_ABOUT_RETURN_TYPE = YES_ERROR;
				GCC_WARN_UNDECLARED_SELECTOR = YES;
				GCC_WARN_UNINITIALIZED_AUTOS = YES_AGGRESSIVE;
				GCC_WARN_UNUSED_FUNCTION = YES;
				GCC_WARN_UNUSED_VARIABLE = YES;
				IPHONEOS_DEPLOYMENT_TARGET = 18.5;
				LOCALIZATION_PREFERS_STRING_CATALOGS = YES;
				MTL_ENABLE_DEBUG_INFO = NO;
				MTL_FAST_MATH = YES;
				SDKROOT = iphoneos;
				SWIFT_COMPILATION_MODE = wholemodule;
				VALIDATE_PRODUCT = YES;
			};
			name = Release;
		};
		D091D4CA2E630B5B006B43B0 /* Debug */ = {
			isa = XCBuildConfiguration;
			buildSettings = {
				BUNDLE_LOADER = "$(TEST_HOST)";
				CODE_SIGN_STYLE = Automatic;
				CURRENT_PROJECT_VERSION = 1;
				GENERATE_INFOPLIST_FILE = YES;
				IPHONEOS_DEPLOYMENT_TARGET = 18.5;
				MARKETING_VERSION = 1.0;
				PRODUCT_BUNDLE_IDENTIFIER = com.honda.GirarmTests;
				PRODUCT_NAME = "$(TARGET_NAME)";
				SWIFT_EMIT_LOC_STRINGS = NO;
				SWIFT_VERSION = 5.0;
				TARGETED_DEVICE_FAMILY = "1,2";
				TEST_HOST = "$(BUILT_PRODUCTS_DIR)/Girarm.app/$(BUNDLE_EXECUTABLE_FOLDER_PATH)/Girarm";
			};
			name = Debug;
		};
		D091D4CB2E630B5B006B43B0 /* Release */ = {
			isa = XCBuildConfiguration;
			buildSettings = {
				BUNDLE_LOADER = "$(TEST_HOST)";
				CODE_SIGN_STYLE = Automatic;
				CURRENT_PROJECT_VERSION = 1;
				GENERATE_INFOPLIST_FILE = YES;
				IPHONEOS_DEPLOYMENT_TARGET = 18.5;
				MARKETING_VERSION = 1.0;
				PRODUCT_BUNDLE_IDENTIFIER = com.honda.GirarmTests;
				PRODUCT_NAME = "$(TARGET_NAME)";
				SWIFT_EMIT_LOC_STRINGS = NO;
				SWIFT_VERSION = 5.0;
				TARGETED_DEVICE_FAMILY = "1,2";
				TEST_HOST = "$(BUILT_PRODUCTS_DIR)/Girarm.app/$(BUNDLE_EXECUTABLE_FOLDER_PATH)/Girarm";
			};
			name = Release;
		};
		D091D4CD2E630B5B006B43B0 /* Debug */ = {
			isa = XCBuildConfiguration;
			buildSettings = {
				CODE_SIGN_STYLE = Automatic;
				CURRENT_PROJECT_VERSION = 1;
				GENERATE_INFOPLIST_FILE = YES;
				MARKETING_VERSION = 1.0;
				PRODUCT_BUNDLE_IDENTIFIER = com.honda.GirarmUITests;
				PRODUCT_NAME = "$(TARGET_NAME)";
				SWIFT_EMIT_LOC_STRINGS = NO;
				SWIFT_VERSION = 5.0;
				TARGETED_DEVICE_FAMILY = "1,2";
				TEST_TARGET_NAME = Girarm;
			};
			name = Debug;
		};
		D091D4CE2E630B5B006B43B0 /* Release */ = {
			isa = XCBuildConfiguration;
			buildSettings = {
				CODE_SIGN_STYLE = Automatic;
				CURRENT_PROJECT_VERSION = 1;
				GENERATE_INFOPLIST_FILE = YES;
				MARKETING_VERSION = 1.0;
				PRODUCT_BUNDLE_IDENTIFIER = com.honda.GirarmUITests;
				PRODUCT_NAME = "$(TARGET_NAME)";
				SWIFT_EMIT_LOC_STRINGS = NO;
				SWIFT_VERSION = 5.0;
				TARGETED_DEVICE_FAMILY = "1,2";
				TEST_TARGET_NAME = Girarm;
			};
			name = Release;
		};
/* End XCBuildConfiguration section */

/* Begin XCConfigurationList section */
		D091D4962E630B5A006B43B0 /* Build configuration list for PBXProject "Girarm" */ = {
			isa = XCConfigurationList;
			buildConfigurations = (
				D091D4C72E630B5B006B43B0 /* Debug */,
				D091D4C82E630B5B006B43B0 /* Release */,
			);
			defaultConfigurationIsVisible = 0;
			defaultConfigurationName = Release;
		};
		D091D4C42E630B5B006B43B0 /* Build configuration list for PBXNativeTarget "Girarm" */ = {
			isa = XCConfigurationList;
			buildConfigurations = (
				D091D4C52E630B5B006B43B0 /* Debug */,
				D091D4C62E630B5B006B43B0 /* Release */,
			);
			defaultConfigurationIsVisible = 0;
			defaultConfigurationName = Release;
		};
		D091D4C92E630B5B006B43B0 /* Build configuration list for PBXNativeTarget "GirarmTests" */ = {
			isa = XCConfigurationList;
			buildConfigurations = (
				D091D4CA2E630B5B006B43B0 /* Debug */,
				D091D4CB2E630B5B006B43B0 /* Release */,
			);
			defaultConfigurationIsVisible = 0;
			defaultConfigurationName = Release;
		};
		D091D4CC2E630B5B006B43B0 /* Build configuration list for PBXNativeTarget "GirarmUITests" */ = {
			isa = XCConfigurationList;
			buildConfigurations = (
				D091D4CD2E630B5B006B43B0 /* Debug */,
				D091D4CE2E630B5B006B43B0 /* Release */,
			);
			defaultConfigurationIsVisible = 0;
			defaultConfigurationName = Release;
		};
/* End XCConfigurationList section */
	};
	rootObject = D091D4932E630B5A006B43B0 /* Project object */;
}
